
Microsoft Visual Studio Solution File, Format Version 12.00
# Visual Studio Version 17
VisualStudioVersion = 17.14.36414.22 d17.14
MinimumVisualStudioVersion = 10.0.40219.1
Project("{FAE04EC0-301F-11D3-BF4B-00C04F79EFBC}") = "UwiTests", "UwiTests.csproj", "{4E3BF7D0-7AF8-4EB5-8D19-62F87F8EB2AF}"
EndProject
Global
	GlobalSection(SolutionConfigurationPlatforms) = preSolution
		Debug|Any CPU = Debug|Any CPU
		Release|Any CPU = Release|Any CPU
	EndGlobalSection
	GlobalSection(ProjectConfigurationPlatforms) = postSolution
		{4E3BF7D0-7AF8-4EB5-8D19-62F87F8EB2AF}.Debug|Any CPU.ActiveCfg = Debug|Any CPU
		{4E3BF7D0-7AF8-4EB5-8D19-62F87F8EB2AF}.Debug|Any CPU.Build.0 = Debug|Any CPU
		{4E3BF7D0-7AF8-4EB5-8D19-62F87F8EB2AF}.Release|Any CPU.ActiveCfg = Release|Any CPU
		{4E3BF7D0-7AF8-4EB5-8D19-62F87F8EB2AF}.Release|Any CPU.Build.0 = Release|Any CPU
	EndGlobalSection
	GlobalSection(SolutionProperties) = preSolution
		HideSolutionNode = FALSE
	EndGlobalSection
	GlobalSection(ExtensibilityGlobals) = postSolution
		SolutionGuid = {75E0235E-E851-4184-AA2A-92528DF50919}
	EndGlobalSection
EndGlobal
