
Microsoft Visual Studio Solution File, Format Version 12.00
# Visual Studio Version 17
VisualStudioVersion = 17.14.36414.22 d17.14
MinimumVisualStudioVersion = 10.0.40219.1
Project("{FAE04EC0-301F-11D3-BF4B-00C04F79EFBC}") = "UwiTestData.AppHost", "UwiTestData\UwiTestData.AppHost\UwiTestData.AppHost.csproj", "{6E0871FF-1465-4A16-827A-8D339ACB6634}"
EndProject
Project("{FAE04EC0-301F-11D3-BF4B-00C04F79EFBC}") = "UwiTestData.ServiceDefaults", "UwiTestData\UwiTestData.ServiceDefaults\UwiTestData.ServiceDefaults.csproj", "{8EED990B-35F8-EBF4-7784-F933CD77D14A}"
EndProject
Project("{FAE04EC0-301F-11D3-BF4B-00C04F79EFBC}") = "UwiTestData.ApiService", "UwiTestData\UwiTestData.ApiService\UwiTestData.ApiService.csproj", "{5B23B1D7-43EC-CDC3-5792-2D5C19DC0864}"
EndProject
Project("{FAE04EC0-301F-11D3-BF4B-00C04F79EFBC}") = "UwiTestData.Web", "UwiTestData\UwiTestData.Web\UwiTestData.Web.csproj", "{9FC8F2F0-6AFD-6F48-E249-2F0EBAC829DE}"
EndProject
Global
	GlobalSection(SolutionConfigurationPlatforms) = preSolution
		Debug|Any CPU = Debug|Any CPU
		Release|Any CPU = Release|Any CPU
	EndGlobalSection
	GlobalSection(ProjectConfigurationPlatforms) = postSolution
		{6E0871FF-1465-4A16-827A-8D339ACB6634}.Debug|Any CPU.ActiveCfg = Debug|Any CPU
		{6E0871FF-1465-4A16-827A-8D339ACB6634}.Debug|Any CPU.Build.0 = Debug|Any CPU
		{6E0871FF-1465-4A16-827A-8D339ACB6634}.Release|Any CPU.ActiveCfg = Release|Any CPU
		{6E0871FF-1465-4A16-827A-8D339ACB6634}.Release|Any CPU.Build.0 = Release|Any CPU
		{8EED990B-35F8-EBF4-7784-F933CD77D14A}.Debug|Any CPU.ActiveCfg = Debug|Any CPU
		{8EED990B-35F8-EBF4-7784-F933CD77D14A}.Debug|Any CPU.Build.0 = Debug|Any CPU
		{8EED990B-35F8-EBF4-7784-F933CD77D14A}.Release|Any CPU.ActiveCfg = Release|Any CPU
		{8EED990B-35F8-EBF4-7784-F933CD77D14A}.Release|Any CPU.Build.0 = Release|Any CPU
		{5B23B1D7-43EC-CDC3-5792-2D5C19DC0864}.Debug|Any CPU.ActiveCfg = Debug|Any CPU
		{5B23B1D7-43EC-CDC3-5792-2D5C19DC0864}.Debug|Any CPU.Build.0 = Debug|Any CPU
		{5B23B1D7-43EC-CDC3-5792-2D5C19DC0864}.Release|Any CPU.ActiveCfg = Release|Any CPU
		{5B23B1D7-43EC-CDC3-5792-2D5C19DC0864}.Release|Any CPU.Build.0 = Release|Any CPU
		{9FC8F2F0-6AFD-6F48-E249-2F0EBAC829DE}.Debug|Any CPU.ActiveCfg = Debug|Any CPU
		{9FC8F2F0-6AFD-6F48-E249-2F0EBAC829DE}.Debug|Any CPU.Build.0 = Debug|Any CPU
		{9FC8F2F0-6AFD-6F48-E249-2F0EBAC829DE}.Release|Any CPU.ActiveCfg = Release|Any CPU
		{9FC8F2F0-6AFD-6F48-E249-2F0EBAC829DE}.Release|Any CPU.Build.0 = Release|Any CPU
	EndGlobalSection
	GlobalSection(SolutionProperties) = preSolution
		HideSolutionNode = FALSE
	EndGlobalSection
	GlobalSection(ExtensibilityGlobals) = postSolution
		SolutionGuid = {2DB438F5-52AA-4FFA-9CFE-AC332BA0625C}
	EndGlobalSection
EndGlobal
